
Microsoft Visual Studio Solution File, Format Version 12.00
# Visual Studio Version 17
VisualStudioVersion = 17.14.36301.6
MinimumVisualStudioVersion = 10.0.40219.1
Project("{FAE04EC0-301F-11D3-BF4B-00C04F79EFBC}") = "Blazor-2FA", "Blazor-2FA\Blazor-2FA.csproj", "{C4E7889A-A75C-7A70-34D2-50977D0BC149}"
EndProject
Project("{FAE04EC0-301F-11D3-BF4B-00C04F79EFBC}") = "Blazor-2FA-wasm", "Blazor-2FA-wasm\Blazor-2FA-wasm.csproj", "{CC09AE45-6DC1-4FCF-9F6A-0E65CFF5F096}"
EndProject
Global
	GlobalSection(SolutionConfigurationPlatforms) = preSolution
		Debug|Any CPU = Debug|Any CPU
		Release|Any CPU = Release|Any CPU
	EndGlobalSection
	GlobalSection(ProjectConfigurationPlatforms) = postSolution
		{C4E7889A-A75C-7A70-34D2-50977D0BC149}.Debug|Any CPU.ActiveCfg = Debug|Any CPU
		{C4E7889A-A75C-7A70-34D2-50977D0BC149}.Debug|Any CPU.Build.0 = Debug|Any CPU
		{C4E7889A-A75C-7A70-34D2-50977D0BC149}.Release|Any CPU.ActiveCfg = Release|Any CPU
		{C4E7889A-A75C-7A70-34D2-50977D0BC149}.Release|Any CPU.Build.0 = Release|Any CPU
		{CC09AE45-6DC1-4FCF-9F6A-0E65CFF5F096}.Debug|Any CPU.ActiveCfg = Debug|Any CPU
		{CC09AE45-6DC1-4FCF-9F6A-0E65CFF5F096}.Debug|Any CPU.Build.0 = Debug|Any CPU
		{CC09AE45-6DC1-4FCF-9F6A-0E65CFF5F096}.Release|Any CPU.ActiveCfg = Release|Any CPU
		{CC09AE45-6DC1-4FCF-9F6A-0E65CFF5F096}.Release|Any CPU.Build.0 = Release|Any CPU
	EndGlobalSection
	GlobalSection(SolutionProperties) = preSolution
		HideSolutionNode = FALSE
	EndGlobalSection
	GlobalSection(ExtensibilityGlobals) = postSolution
		SolutionGuid = {375B1044-C787-4089-B6B7-6D672ADEF828}
	EndGlobalSection
EndGlobal
